
Microsoft Visual Studio Solution File, Format Version 12.00
# Visual Studio Version 16
VisualStudioVersion = 16.0.30804.86
MinimumVisualStudioVersion = 10.0.40219.1
Project("{9A19103F-16F7-4668-BE54-9A1E7A4F7556}") = "LinkedOut.Domain", "src\LinkedOut.Domain\LinkedOut.Domain.csproj", "{F24EECAE-3983-45B8-B73D-20052CF3AA2A}"
EndProject
Project("{9A19103F-16F7-4668-BE54-9A1E7A4F7556}") = "LinkedOut.Domain.UnitTests", "test\LinkedOut.Domain.UnitTests\LinkedOut.Domain.UnitTests.csproj", "{A11C9269-73A9-4360-93D3-9B1E38FA0CF7}"
EndProject
Project("{9A19103F-16F7-4668-BE54-9A1E7A4F7556}") = "LinkedOut.Blazor", "src\LinkedOut.Blazor\LinkedOut.Blazor.csproj", "{B8321EFA-B458-4A58-A3FE-92DA249051A4}"
EndProject
Project("{9A19103F-16F7-4668-BE54-9A1E7A4F7556}") = "LinkedOut.Application", "src\LinkedOut.Application\LinkedOut.Application.csproj", "{6C097F3F-841D-4860-BBEC-0FAB399B584D}"
EndProject
Project("{9A19103F-16F7-4668-BE54-9A1E7A4F7556}") = "LinkedOut.Infrastructure", "src\LinkedOut.Infrastructure\LinkedOut.Infrastructure.csproj", "{55F78959-3F93-4C11-B300-A57A4B731D92}"
EndProject
Project("{FAE04EC0-301F-11D3-BF4B-00C04F79EFBC}") = "LinkedOut.Application.UnitTests", "test\LinkedOut.Application.UnitTests\LinkedOut.Application.UnitTests.csproj", "{4956F744-A38B-4860-AD04-58A29A01B37F}"
EndProject
Project("{FAE04EC0-301F-11D3-BF4B-00C04F79EFBC}") = "LinkedOut.Application.IntegrationTests", "test\LinkedOut.Application.IntegrationTests\LinkedOut.Application.IntegrationTests.csproj", "{B199A66F-F03B-41CA-8810-F67C25B2199D}"
EndProject
Global
	GlobalSection(SolutionConfigurationPlatforms) = preSolution
		Debug|Any CPU = Debug|Any CPU
		Release|Any CPU = Release|Any CPU
	EndGlobalSection
	GlobalSection(ProjectConfigurationPlatforms) = postSolution
		{F24EECAE-3983-45B8-B73D-20052CF3AA2A}.Debug|Any CPU.ActiveCfg = Debug|Any CPU
		{F24EECAE-3983-45B8-B73D-20052CF3AA2A}.Debug|Any CPU.Build.0 = Debug|Any CPU
		{F24EECAE-3983-45B8-B73D-20052CF3AA2A}.Release|Any CPU.ActiveCfg = Release|Any CPU
		{F24EECAE-3983-45B8-B73D-20052CF3AA2A}.Release|Any CPU.Build.0 = Release|Any CPU
		{A11C9269-73A9-4360-93D3-9B1E38FA0CF7}.Debug|Any CPU.ActiveCfg = Debug|Any CPU
		{A11C9269-73A9-4360-93D3-9B1E38FA0CF7}.Debug|Any CPU.Build.0 = Debug|Any CPU
		{A11C9269-73A9-4360-93D3-9B1E38FA0CF7}.Release|Any CPU.ActiveCfg = Release|Any CPU
		{A11C9269-73A9-4360-93D3-9B1E38FA0CF7}.Release|Any CPU.Build.0 = Release|Any CPU
		{B8321EFA-B458-4A58-A3FE-92DA249051A4}.Debug|Any CPU.ActiveCfg = Debug|Any CPU
		{B8321EFA-B458-4A58-A3FE-92DA249051A4}.Debug|Any CPU.Build.0 = Debug|Any CPU
		{B8321EFA-B458-4A58-A3FE-92DA249051A4}.Release|Any CPU.ActiveCfg = Release|Any CPU
		{B8321EFA-B458-4A58-A3FE-92DA249051A4}.Release|Any CPU.Build.0 = Release|Any CPU
		{6C097F3F-841D-4860-BBEC-0FAB399B584D}.Debug|Any CPU.ActiveCfg = Debug|Any CPU
		{6C097F3F-841D-4860-BBEC-0FAB399B584D}.Debug|Any CPU.Build.0 = Debug|Any CPU
		{6C097F3F-841D-4860-BBEC-0FAB399B584D}.Release|Any CPU.ActiveCfg = Release|Any CPU
		{6C097F3F-841D-4860-BBEC-0FAB399B584D}.Release|Any CPU.Build.0 = Release|Any CPU
		{55F78959-3F93-4C11-B300-A57A4B731D92}.Debug|Any CPU.ActiveCfg = Debug|Any CPU
		{55F78959-3F93-4C11-B300-A57A4B731D92}.Debug|Any CPU.Build.0 = Debug|Any CPU
		{55F78959-3F93-4C11-B300-A57A4B731D92}.Release|Any CPU.ActiveCfg = Release|Any CPU
		{55F78959-3F93-4C11-B300-A57A4B731D92}.Release|Any CPU.Build.0 = Release|Any CPU
		{4956F744-A38B-4860-AD04-58A29A01B37F}.Debug|Any CPU.ActiveCfg = Debug|Any CPU
		{4956F744-A38B-4860-AD04-58A29A01B37F}.Debug|Any CPU.Build.0 = Debug|Any CPU
		{4956F744-A38B-4860-AD04-58A29A01B37F}.Release|Any CPU.ActiveCfg = Release|Any CPU
		{4956F744-A38B-4860-AD04-58A29A01B37F}.Release|Any CPU.Build.0 = Release|Any CPU
		{B199A66F-F03B-41CA-8810-F67C25B2199D}.Debug|Any CPU.ActiveCfg = Debug|Any CPU
		{B199A66F-F03B-41CA-8810-F67C25B2199D}.Debug|Any CPU.Build.0 = Debug|Any CPU
		{B199A66F-F03B-41CA-8810-F67C25B2199D}.Release|Any CPU.ActiveCfg = Release|Any CPU
		{B199A66F-F03B-41CA-8810-F67C25B2199D}.Release|Any CPU.Build.0 = Release|Any CPU
	EndGlobalSection
	GlobalSection(SolutionProperties) = preSolution
		HideSolutionNode = FALSE
	EndGlobalSection
	GlobalSection(ExtensibilityGlobals) = postSolution
		SolutionGuid = {D4694D5A-1E01-48E7-AA7D-5D28D47F1CA2}
	EndGlobalSection
EndGlobal
